
Microsoft Visual Studio Solution File, Format Version 12.00
# Visual Studio Version 17
VisualStudioVersion = 17.10.34916.146
MinimumVisualStudioVersion = 10.0.40219.1
Project("{9A19103F-16F7-4668-BE54-9A1E7A4F7556}") = "OL-OASP_dev_H-07_23_WebApi", "OL-OASP_dev_H-07_23_WebApi\OL-OASP_dev_H-07_23_WebApi.csproj", "{2834778F-BC60-4947-AEB0-88E6F192545F}"
EndProject
Project("{9A19103F-16F7-4668-BE54-9A1E7A4F7556}") = "OL-OASP_dev_H-07_23_Shared", "OL-OASP_dev_H-07_23_Shared\OL-OASP_dev_H-07_23_Shared.csproj", "{C05977F7-9042-458D-8280-DC82E0FADA15}"
EndProject
Project("{FAE04EC0-301F-11D3-BF4B-00C04F79EFBC}") = "OL-OASP_dev_H-07_23_MVC", "OL-OASP_dev_H-07_23_MVC\OL-OASP_dev_H-07_23_MVC.csproj", "{E0C88A15-9BCF-4293-85D0-9D7C495DD102}"
EndProject
Global
	GlobalSection(SolutionConfigurationPlatforms) = preSolution
		Debug|Any CPU = Debug|Any CPU
		Release|Any CPU = Release|Any CPU
	EndGlobalSection
	GlobalSection(ProjectConfigurationPlatforms) = postSolution
		{2834778F-BC60-4947-AEB0-88E6F192545F}.Debug|Any CPU.ActiveCfg = Debug|Any CPU
		{2834778F-BC60-4947-AEB0-88E6F192545F}.Debug|Any CPU.Build.0 = Debug|Any CPU
		{2834778F-BC60-4947-AEB0-88E6F192545F}.Release|Any CPU.ActiveCfg = Release|Any CPU
		{2834778F-BC60-4947-AEB0-88E6F192545F}.Release|Any CPU.Build.0 = Release|Any CPU
		{C05977F7-9042-458D-8280-DC82E0FADA15}.Debug|Any CPU.ActiveCfg = Debug|Any CPU
		{C05977F7-9042-458D-8280-DC82E0FADA15}.Debug|Any CPU.Build.0 = Debug|Any CPU
		{C05977F7-9042-458D-8280-DC82E0FADA15}.Release|Any CPU.ActiveCfg = Release|Any CPU
		{C05977F7-9042-458D-8280-DC82E0FADA15}.Release|Any CPU.Build.0 = Release|Any CPU
		{E0C88A15-9BCF-4293-85D0-9D7C495DD102}.Debug|Any CPU.ActiveCfg = Debug|Any CPU
		{E0C88A15-9BCF-4293-85D0-9D7C495DD102}.Debug|Any CPU.Build.0 = Debug|Any CPU
		{E0C88A15-9BCF-4293-85D0-9D7C495DD102}.Release|Any CPU.ActiveCfg = Release|Any CPU
		{E0C88A15-9BCF-4293-85D0-9D7C495DD102}.Release|Any CPU.Build.0 = Release|Any CPU
	EndGlobalSection
	GlobalSection(SolutionProperties) = preSolution
		HideSolutionNode = FALSE
	EndGlobalSection
	GlobalSection(ExtensibilityGlobals) = postSolution
		SolutionGuid = {6311BCA5-3301-474A-B4A2-549357B9A4BA}
	EndGlobalSection
EndGlobal
